
Microsoft Visual Studio Solution File, Format Version 12.00
# Visual Studio Version 16
VisualStudioVersion = 16.0.30204.135
MinimumVisualStudioVersion = 10.0.40219.1
Project("{FAE04EC0-301F-11D3-BF4B-00C04F79EFBC}") = "PartyInvites", "PartyInvites\PartyInvites.csproj", "{C39069F9-EDFA-45D3-B958-E3EB52DCA540}"
EndProject
Global
	GlobalSection(SolutionConfigurationPlatforms) = preSolution
		Debug|Any CPU = Debug|Any CPU
		Release|Any CPU = Release|Any CPU
	EndGlobalSection
	GlobalSection(ProjectConfigurationPlatforms) = postSolution
		{C39069F9-EDFA-45D3-B958-E3EB52DCA540}.Debug|Any CPU.ActiveCfg = Debug|Any CPU
		{C39069F9-EDFA-45D3-B958-E3EB52DCA540}.Debug|Any CPU.Build.0 = Debug|Any CPU
		{C39069F9-EDFA-45D3-B958-E3EB52DCA540}.Release|Any CPU.ActiveCfg = Release|Any CPU
		{C39069F9-EDFA-45D3-B958-E3EB52DCA540}.Release|Any CPU.Build.0 = Release|Any CPU
	EndGlobalSection
	GlobalSection(SolutionProperties) = preSolution
		HideSolutionNode = FALSE
	EndGlobalSection
	GlobalSection(ExtensibilityGlobals) = postSolution
		SolutionGuid = {7FE8F56A-CEA4-4486-9D81-C195C21C51B4}
	EndGlobalSection
EndGlobal
